
Microsoft Visual Studio Solution File, Format Version 12.00
# Visual Studio Version 17
VisualStudioVersion = 17.2.32616.157
MinimumVisualStudioVersion = 10.0.40219.1
Project("{FAE04EC0-301F-11D3-BF4B-00C04F79EFBC}") = "ex4", "1\ex4.csproj", "{119D222C-1825-4B34-9D38-2FAD32A02194}"
EndProject
Project("{FAE04EC0-301F-11D3-BF4B-00C04F79EFBC}") = "ex5", "2\ex5.csproj", "{56AC597A-033E-47E5-86A5-8E8EB12CF82E}"
EndProject
Project("{FAE04EC0-301F-11D3-BF4B-00C04F79EFBC}") = "ex6", "3\ex6.csproj", "{3815EAF5-A4D3-430B-A175-63F3809A6B08}"
EndProject
Project("{FAE04EC0-301F-11D3-BF4B-00C04F79EFBC}") = "ex7", "4\ex7.csproj", "{CEF0A78D-F5FC-439B-B44F-ABD96F344904}"
EndProject
Project("{FAE04EC0-301F-11D3-BF4B-00C04F79EFBC}") = "ex8", "5\ex8.csproj", "{B1C8E4D7-1C27-4C8D-9B6B-4B629BB2E31D}"
EndProject
Project("{FAE04EC0-301F-11D3-BF4B-00C04F79EFBC}") = "ex9", "6\ex9.csproj", "{60BE0507-293A-4BF0-911A-F1845AF79336}"
EndProject
Project("{FAE04EC0-301F-11D3-BF4B-00C04F79EFBC}") = "ex10", "7\ex10.csproj", "{509AE79A-003F-4203-9A9D-670B0A1DF619}"
EndProject
Project("{FAE04EC0-301F-11D3-BF4B-00C04F79EFBC}") = "ex11", "8\ex11.csproj", "{AF1F21F0-034B-4D39-A794-B6E8C957E206}"
EndProject
Project("{FAE04EC0-301F-11D3-BF4B-00C04F79EFBC}") = "ex12", "9\ex12.csproj", "{A38ACE39-22F0-4474-8952-F9791745E6E1}"
EndProject
Project("{FAE04EC0-301F-11D3-BF4B-00C04F79EFBC}") = "ex13", "10\ex13.csproj", "{994F87D4-EF7F-412B-B0D9-28AB3955039B}"
EndProject
Project("{FAE04EC0-301F-11D3-BF4B-00C04F79EFBC}") = "ex14", "11\ex14.csproj", "{FAA57FA4-533C-4911-B864-DFBB5E4576C5}"
EndProject
Project("{FAE04EC0-301F-11D3-BF4B-00C04F79EFBC}") = "ex15", "12\ex15.csproj", "{9C04E711-CB02-4160-8C8E-798A1550D08A}"
EndProject
Project("{FAE04EC0-301F-11D3-BF4B-00C04F79EFBC}") = "ex16", "13\ex16.csproj", "{2D40EAB6-3E38-4320-BA65-750CCFA6B34B}"
EndProject
Project("{FAE04EC0-301F-11D3-BF4B-00C04F79EFBC}") = "ex17", "14\ex17.csproj", "{98C6D411-B320-4111-82E4-35FBFE3EF9BB}"
EndProject
Project("{FAE04EC0-301F-11D3-BF4B-00C04F79EFBC}") = "ex18", "15\ex18.csproj", "{2766D49F-222E-4020-9EAB-C3E397B066BA}"
EndProject
Project("{FAE04EC0-301F-11D3-BF4B-00C04F79EFBC}") = "ex19", "16\ex19.csproj", "{B4AD3861-508C-4DCD-A3C9-69C3711BE85D}"
EndProject
Project("{FAE04EC0-301F-11D3-BF4B-00C04F79EFBC}") = "ex20", "17\ex20.csproj", "{8AB38809-450F-4C16-BAD9-DBD87F23918D}"
EndProject
Project("{FAE04EC0-301F-11D3-BF4B-00C04F79EFBC}") = "ex21", "18\ex21.csproj", "{5636F57B-5BF1-4E24-8B23-366EC3E2B57E}"
EndProject
Project("{FAE04EC0-301F-11D3-BF4B-00C04F79EFBC}") = "ex22", "19\ex22.csproj", "{1AA8A177-CABB-4FD4-9917-E2D5F1A103D8}"
EndProject
Project("{FAE04EC0-301F-11D3-BF4B-00C04F79EFBC}") = "ex23", "20\ex23.csproj", "{4F7B2230-D905-4422-A4AB-8DF6879034C4}"
EndProject
Project("{FAE04EC0-301F-11D3-BF4B-00C04F79EFBC}") = "ex24", "21\ex24.csproj", "{64A5B601-2A6F-4591-B498-6498BF811159}"
EndProject
Project("{FAE04EC0-301F-11D3-BF4B-00C04F79EFBC}") = "ex25", "22\ex25.csproj", "{7F5558C9-2389-4B8D-8B46-AF357D951EA0}"
EndProject
Project("{FAE04EC0-301F-11D3-BF4B-00C04F79EFBC}") = "ex26", "23\ex26.csproj", "{ACDEADCD-835C-4A9A-B461-DB5BAB5703A0}"
EndProject
Project("{FAE04EC0-301F-11D3-BF4B-00C04F79EFBC}") = "ex27", "24\ex27.csproj", "{B409F670-B7C7-4AE0-8CCD-7A2C66938C86}"
EndProject
Project("{FAE04EC0-301F-11D3-BF4B-00C04F79EFBC}") = "ex28", "25\ex28.csproj", "{2EDC03D2-AE58-4635-901D-1422836B4C1C}"
EndProject
Project("{FAE04EC0-301F-11D3-BF4B-00C04F79EFBC}") = "ex29", "26\ex29.csproj", "{79846B59-9176-47BC-8156-832F196CEC70}"
EndProject
Project("{FAE04EC0-301F-11D3-BF4B-00C04F79EFBC}") = "ex30", "27\ex30.csproj", "{CBF5A0C9-300D-418E-ACF3-8F9E17730F8E}"
EndProject
Project("{FAE04EC0-301F-11D3-BF4B-00C04F79EFBC}") = "ex31", "28\ex31.csproj", "{83826F7F-1D7E-4F17-AA71-F2C464CEEF8D}"
EndProject
Project("{FAE04EC0-301F-11D3-BF4B-00C04F79EFBC}") = "ex32", "29\ex32.csproj", "{A0918EB0-A67D-4106-B603-0929C436F222}"
EndProject
Project("{FAE04EC0-301F-11D3-BF4B-00C04F79EFBC}") = "10-1", "30\10-1.csproj", "{70A3F210-4C43-4678-8ECB-7DA16918E5C3}"
EndProject
Project("{FAE04EC0-301F-11D3-BF4B-00C04F79EFBC}") = "10-2", "31\10-2.csproj", "{24092B04-A73C-4F91-ACD3-9C8A23B59282}"
EndProject
Project("{FAE04EC0-301F-11D3-BF4B-00C04F79EFBC}") = "exa", "32\exa.csproj", "{CF51546C-6505-459B-A031-20EE31E81DB5}"
EndProject
Global
	GlobalSection(SolutionConfigurationPlatforms) = preSolution
		Debug|Any CPU = Debug|Any CPU
		Release|Any CPU = Release|Any CPU
	EndGlobalSection
	GlobalSection(ProjectConfigurationPlatforms) = postSolution
		{119D222C-1825-4B34-9D38-2FAD32A02194}.Debug|Any CPU.ActiveCfg = Debug|Any CPU
		{119D222C-1825-4B34-9D38-2FAD32A02194}.Debug|Any CPU.Build.0 = Debug|Any CPU
		{119D222C-1825-4B34-9D38-2FAD32A02194}.Release|Any CPU.ActiveCfg = Release|Any CPU
		{119D222C-1825-4B34-9D38-2FAD32A02194}.Release|Any CPU.Build.0 = Release|Any CPU
		{56AC597A-033E-47E5-86A5-8E8EB12CF82E}.Debug|Any CPU.ActiveCfg = Debug|Any CPU
		{56AC597A-033E-47E5-86A5-8E8EB12CF82E}.Debug|Any CPU.Build.0 = Debug|Any CPU
		{56AC597A-033E-47E5-86A5-8E8EB12CF82E}.Release|Any CPU.ActiveCfg = Release|Any CPU
		{56AC597A-033E-47E5-86A5-8E8EB12CF82E}.Release|Any CPU.Build.0 = Release|Any CPU
		{3815EAF5-A4D3-430B-A175-63F3809A6B08}.Debug|Any CPU.ActiveCfg = Debug|Any CPU
		{3815EAF5-A4D3-430B-A175-63F3809A6B08}.Debug|Any CPU.Build.0 = Debug|Any CPU
		{3815EAF5-A4D3-430B-A175-63F3809A6B08}.Release|Any CPU.ActiveCfg = Release|Any CPU
		{3815EAF5-A4D3-430B-A175-63F3809A6B08}.Release|Any CPU.Build.0 = Release|Any CPU
		{CEF0A78D-F5FC-439B-B44F-ABD96F344904}.Debug|Any CPU.ActiveCfg = Debug|Any CPU
		{CEF0A78D-F5FC-439B-B44F-ABD96F344904}.Debug|Any CPU.Build.0 = Debug|Any CPU
		{CEF0A78D-F5FC-439B-B44F-ABD96F344904}.Release|Any CPU.ActiveCfg = Release|Any CPU
		{CEF0A78D-F5FC-439B-B44F-ABD96F344904}.Release|Any CPU.Build.0 = Release|Any CPU
		{B1C8E4D7-1C27-4C8D-9B6B-4B629BB2E31D}.Debug|Any CPU.ActiveCfg = Debug|Any CPU
		{B1C8E4D7-1C27-4C8D-9B6B-4B629BB2E31D}.Debug|Any CPU.Build.0 = Debug|Any CPU
		{B1C8E4D7-1C27-4C8D-9B6B-4B629BB2E31D}.Release|Any CPU.ActiveCfg = Release|Any CPU
		{B1C8E4D7-1C27-4C8D-9B6B-4B629BB2E31D}.Release|Any CPU.Build.0 = Release|Any CPU
		{60BE0507-293A-4BF0-911A-F1845AF79336}.Debug|Any CPU.ActiveCfg = Debug|Any CPU
		{60BE0507-293A-4BF0-911A-F1845AF79336}.Debug|Any CPU.Build.0 = Debug|Any CPU
		{60BE0507-293A-4BF0-911A-F1845AF79336}.Release|Any CPU.ActiveCfg = Release|Any CPU
		{60BE0507-293A-4BF0-911A-F1845AF79336}.Release|Any CPU.Build.0 = Release|Any CPU
		{509AE79A-003F-4203-9A9D-670B0A1DF619}.Debug|Any CPU.ActiveCfg = Debug|Any CPU
		{509AE79A-003F-4203-9A9D-670B0A1DF619}.Debug|Any CPU.Build.0 = Debug|Any CPU
		{509AE79A-003F-4203-9A9D-670B0A1DF619}.Release|Any CPU.ActiveCfg = Release|Any CPU
		{509AE79A-003F-4203-9A9D-670B0A1DF619}.Release|Any CPU.Build.0 = Release|Any CPU
		{AF1F21F0-034B-4D39-A794-B6E8C957E206}.Debug|Any CPU.ActiveCfg = Debug|Any CPU
		{AF1F21F0-034B-4D39-A794-B6E8C957E206}.Debug|Any CPU.Build.0 = Debug|Any CPU
		{AF1F21F0-034B-4D39-A794-B6E8C957E206}.Release|Any CPU.ActiveCfg = Release|Any CPU
		{AF1F21F0-034B-4D39-A794-B6E8C957E206}.Release|Any CPU.Build.0 = Release|Any CPU
		{A38ACE39-22F0-4474-8952-F9791745E6E1}.Debug|Any CPU.ActiveCfg = Debug|Any CPU
		{A38ACE39-22F0-4474-8952-F9791745E6E1}.Debug|Any CPU.Build.0 = Debug|Any CPU
		{A38ACE39-22F0-4474-8952-F9791745E6E1}.Release|Any CPU.ActiveCfg = Release|Any CPU
		{A38ACE39-22F0-4474-8952-F9791745E6E1}.Release|Any CPU.Build.0 = Release|Any CPU
		{994F87D4-EF7F-412B-B0D9-28AB3955039B}.Debug|Any CPU.ActiveCfg = Debug|Any CPU
		{994F87D4-EF7F-412B-B0D9-28AB3955039B}.Debug|Any CPU.Build.0 = Debug|Any CPU
		{994F87D4-EF7F-412B-B0D9-28AB3955039B}.Release|Any CPU.ActiveCfg = Release|Any CPU
		{994F87D4-EF7F-412B-B0D9-28AB3955039B}.Release|Any CPU.Build.0 = Release|Any CPU
		{FAA57FA4-533C-4911-B864-DFBB5E4576C5}.Debug|Any CPU.ActiveCfg = Debug|Any CPU
		{FAA57FA4-533C-4911-B864-DFBB5E4576C5}.Debug|Any CPU.Build.0 = Debug|Any CPU
		{FAA57FA4-533C-4911-B864-DFBB5E4576C5}.Release|Any CPU.ActiveCfg = Release|Any CPU
		{FAA57FA4-533C-4911-B864-DFBB5E4576C5}.Release|Any CPU.Build.0 = Release|Any CPU
		{9C04E711-CB02-4160-8C8E-798A1550D08A}.Debug|Any CPU.ActiveCfg = Debug|Any CPU
		{9C04E711-CB02-4160-8C8E-798A1550D08A}.Debug|Any CPU.Build.0 = Debug|Any CPU
		{9C04E711-CB02-4160-8C8E-798A1550D08A}.Release|Any CPU.ActiveCfg = Release|Any CPU
		{9C04E711-CB02-4160-8C8E-798A1550D08A}.Release|Any CPU.Build.0 = Release|Any CPU
		{2D40EAB6-3E38-4320-BA65-750CCFA6B34B}.Debug|Any CPU.ActiveCfg = Debug|Any CPU
		{2D40EAB6-3E38-4320-BA65-750CCFA6B34B}.Debug|Any CPU.Build.0 = Debug|Any CPU
		{2D40EAB6-3E38-4320-BA65-750CCFA6B34B}.Release|Any CPU.ActiveCfg = Release|Any CPU
		{2D40EAB6-3E38-4320-BA65-750CCFA6B34B}.Release|Any CPU.Build.0 = Release|Any CPU
		{98C6D411-B320-4111-82E4-35FBFE3EF9BB}.Debug|Any CPU.ActiveCfg = Debug|Any CPU
		{98C6D411-B320-4111-82E4-35FBFE3EF9BB}.Debug|Any CPU.Build.0 = Debug|Any CPU
		{98C6D411-B320-4111-82E4-35FBFE3EF9BB}.Release|Any CPU.ActiveCfg = Release|Any CPU
		{98C6D411-B320-4111-82E4-35FBFE3EF9BB}.Release|Any CPU.Build.0 = Release|Any CPU
		{2766D49F-222E-4020-9EAB-C3E397B066BA}.Debug|Any CPU.ActiveCfg = Debug|Any CPU
		{2766D49F-222E-4020-9EAB-C3E397B066BA}.Debug|Any CPU.Build.0 = Debug|Any CPU
		{2766D49F-222E-4020-9EAB-C3E397B066BA}.Release|Any CPU.ActiveCfg = Release|Any CPU
		{2766D49F-222E-4020-9EAB-C3E397B066BA}.Release|Any CPU.Build.0 = Release|Any CPU
		{B4AD3861-508C-4DCD-A3C9-69C3711BE85D}.Debug|Any CPU.ActiveCfg = Debug|Any CPU
		{B4AD3861-508C-4DCD-A3C9-69C3711BE85D}.Debug|Any CPU.Build.0 = Debug|Any CPU
		{B4AD3861-508C-4DCD-A3C9-69C3711BE85D}.Release|Any CPU.ActiveCfg = Release|Any CPU
		{B4AD3861-508C-4DCD-A3C9-69C3711BE85D}.Release|Any CPU.Build.0 = Release|Any CPU
		{8AB38809-450F-4C16-BAD9-DBD87F23918D}.Debug|Any CPU.ActiveCfg = Debug|Any CPU
		{8AB38809-450F-4C16-BAD9-DBD87F23918D}.Debug|Any CPU.Build.0 = Debug|Any CPU
		{8AB38809-450F-4C16-BAD9-DBD87F23918D}.Release|Any CPU.ActiveCfg = Release|Any CPU
		{8AB38809-450F-4C16-BAD9-DBD87F23918D}.Release|Any CPU.Build.0 = Release|Any CPU
		{5636F57B-5BF1-4E24-8B23-366EC3E2B57E}.Debug|Any CPU.ActiveCfg = Debug|Any CPU
		{5636F57B-5BF1-4E24-8B23-366EC3E2B57E}.Debug|Any CPU.Build.0 = Debug|Any CPU
		{5636F57B-5BF1-4E24-8B23-366EC3E2B57E}.Release|Any CPU.ActiveCfg = Release|Any CPU
		{5636F57B-5BF1-4E24-8B23-366EC3E2B57E}.Release|Any CPU.Build.0 = Release|Any CPU
		{1AA8A177-CABB-4FD4-9917-E2D5F1A103D8}.Debug|Any CPU.ActiveCfg = Debug|Any CPU
		{1AA8A177-CABB-4FD4-9917-E2D5F1A103D8}.Debug|Any CPU.Build.0 = Debug|Any CPU
		{1AA8A177-CABB-4FD4-9917-E2D5F1A103D8}.Release|Any CPU.ActiveCfg = Release|Any CPU
		{1AA8A177-CABB-4FD4-9917-E2D5F1A103D8}.Release|Any CPU.Build.0 = Release|Any CPU
		{4F7B2230-D905-4422-A4AB-8DF6879034C4}.Debug|Any CPU.ActiveCfg = Debug|Any CPU
		{4F7B2230-D905-4422-A4AB-8DF6879034C4}.Debug|Any CPU.Build.0 = Debug|Any CPU
		{4F7B2230-D905-4422-A4AB-8DF6879034C4}.Release|Any CPU.ActiveCfg = Release|Any CPU
		{4F7B2230-D905-4422-A4AB-8DF6879034C4}.Release|Any CPU.Build.0 = Release|Any CPU
		{64A5B601-2A6F-4591-B498-6498BF811159}.Debug|Any CPU.ActiveCfg = Debug|Any CPU
		{64A5B601-2A6F-4591-B498-6498BF811159}.Debug|Any CPU.Build.0 = Debug|Any CPU
		{64A5B601-2A6F-4591-B498-6498BF811159}.Release|Any CPU.ActiveCfg = Release|Any CPU
		{64A5B601-2A6F-4591-B498-6498BF811159}.Release|Any CPU.Build.0 = Release|Any CPU
		{7F5558C9-2389-4B8D-8B46-AF357D951EA0}.Debug|Any CPU.ActiveCfg = Debug|Any CPU
		{7F5558C9-2389-4B8D-8B46-AF357D951EA0}.Debug|Any CPU.Build.0 = Debug|Any CPU
		{7F5558C9-2389-4B8D-8B46-AF357D951EA0}.Release|Any CPU.ActiveCfg = Release|Any CPU
		{7F5558C9-2389-4B8D-8B46-AF357D951EA0}.Release|Any CPU.Build.0 = Release|Any CPU
		{ACDEADCD-835C-4A9A-B461-DB5BAB5703A0}.Debug|Any CPU.ActiveCfg = Debug|Any CPU
		{ACDEADCD-835C-4A9A-B461-DB5BAB5703A0}.Debug|Any CPU.Build.0 = Debug|Any CPU
		{ACDEADCD-835C-4A9A-B461-DB5BAB5703A0}.Release|Any CPU.ActiveCfg = Release|Any CPU
		{ACDEADCD-835C-4A9A-B461-DB5BAB5703A0}.Release|Any CPU.Build.0 = Release|Any CPU
		{B409F670-B7C7-4AE0-8CCD-7A2C66938C86}.Debug|Any CPU.ActiveCfg = Debug|Any CPU
		{B409F670-B7C7-4AE0-8CCD-7A2C66938C86}.Debug|Any CPU.Build.0 = Debug|Any CPU
		{B409F670-B7C7-4AE0-8CCD-7A2C66938C86}.Release|Any CPU.ActiveCfg = Release|Any CPU
		{B409F670-B7C7-4AE0-8CCD-7A2C66938C86}.Release|Any CPU.Build.0 = Release|Any CPU
		{2EDC03D2-AE58-4635-901D-1422836B4C1C}.Debug|Any CPU.ActiveCfg = Debug|Any CPU
		{2EDC03D2-AE58-4635-901D-1422836B4C1C}.Debug|Any CPU.Build.0 = Debug|Any CPU
		{2EDC03D2-AE58-4635-901D-1422836B4C1C}.Release|Any CPU.ActiveCfg = Release|Any CPU
		{2EDC03D2-AE58-4635-901D-1422836B4C1C}.Release|Any CPU.Build.0 = Release|Any CPU
		{79846B59-9176-47BC-8156-832F196CEC70}.Debug|Any CPU.ActiveCfg = Debug|Any CPU
		{79846B59-9176-47BC-8156-832F196CEC70}.Debug|Any CPU.Build.0 = Debug|Any CPU
		{79846B59-9176-47BC-8156-832F196CEC70}.Release|Any CPU.ActiveCfg = Release|Any CPU
		{79846B59-9176-47BC-8156-832F196CEC70}.Release|Any CPU.Build.0 = Release|Any CPU
		{CBF5A0C9-300D-418E-ACF3-8F9E17730F8E}.Debug|Any CPU.ActiveCfg = Debug|Any CPU
		{CBF5A0C9-300D-418E-ACF3-8F9E17730F8E}.Debug|Any CPU.Build.0 = Debug|Any CPU
		{CBF5A0C9-300D-418E-ACF3-8F9E17730F8E}.Release|Any CPU.ActiveCfg = Release|Any CPU
		{CBF5A0C9-300D-418E-ACF3-8F9E17730F8E}.Release|Any CPU.Build.0 = Release|Any CPU
		{83826F7F-1D7E-4F17-AA71-F2C464CEEF8D}.Debug|Any CPU.ActiveCfg = Debug|Any CPU
		{83826F7F-1D7E-4F17-AA71-F2C464CEEF8D}.Debug|Any CPU.Build.0 = Debug|Any CPU
		{83826F7F-1D7E-4F17-AA71-F2C464CEEF8D}.Release|Any CPU.ActiveCfg = Release|Any CPU
		{83826F7F-1D7E-4F17-AA71-F2C464CEEF8D}.Release|Any CPU.Build.0 = Release|Any CPU
		{A0918EB0-A67D-4106-B603-0929C436F222}.Debug|Any CPU.ActiveCfg = Debug|Any CPU
		{A0918EB0-A67D-4106-B603-0929C436F222}.Debug|Any CPU.Build.0 = Debug|Any CPU
		{A0918EB0-A67D-4106-B603-0929C436F222}.Release|Any CPU.ActiveCfg = Release|Any CPU
		{A0918EB0-A67D-4106-B603-0929C436F222}.Release|Any CPU.Build.0 = Release|Any CPU
		{70A3F210-4C43-4678-8ECB-7DA16918E5C3}.Debug|Any CPU.ActiveCfg = Debug|Any CPU
		{70A3F210-4C43-4678-8ECB-7DA16918E5C3}.Debug|Any CPU.Build.0 = Debug|Any CPU
		{70A3F210-4C43-4678-8ECB-7DA16918E5C3}.Release|Any CPU.ActiveCfg = Release|Any CPU
		{70A3F210-4C43-4678-8ECB-7DA16918E5C3}.Release|Any CPU.Build.0 = Release|Any CPU
		{24092B04-A73C-4F91-ACD3-9C8A23B59282}.Debug|Any CPU.ActiveCfg = Debug|Any CPU
		{24092B04-A73C-4F91-ACD3-9C8A23B59282}.Debug|Any CPU.Build.0 = Debug|Any CPU
		{24092B04-A73C-4F91-ACD3-9C8A23B59282}.Release|Any CPU.ActiveCfg = Release|Any CPU
		{24092B04-A73C-4F91-ACD3-9C8A23B59282}.Release|Any CPU.Build.0 = Release|Any CPU
		{CF51546C-6505-459B-A031-20EE31E81DB5}.Debug|Any CPU.ActiveCfg = Debug|Any CPU
		{CF51546C-6505-459B-A031-20EE31E81DB5}.Debug|Any CPU.Build.0 = Debug|Any CPU
		{CF51546C-6505-459B-A031-20EE31E81DB5}.Release|Any CPU.ActiveCfg = Release|Any CPU
		{CF51546C-6505-459B-A031-20EE31E81DB5}.Release|Any CPU.Build.0 = Release|Any CPU
	EndGlobalSection
	GlobalSection(SolutionProperties) = preSolution
		HideSolutionNode = FALSE
	EndGlobalSection
	GlobalSection(ExtensibilityGlobals) = postSolution
		SolutionGuid = {4B169C7E-1BB1-4C67-AF2E-A4D37D2E324F}
	EndGlobalSection
EndGlobal
