
Microsoft Visual Studio Solution File, Format Version 12.00
# Visual Studio Version 17
VisualStudioVersion = 17.2.32616.157
MinimumVisualStudioVersion = 10.0.40219.1
Project("{FAE04EC0-301F-11D3-BF4B-00C04F79EFBC}") = "12-1", "1\12-1.csproj", "{FB8357EE-788C-4532-AD8F-E468621A01DC}"
EndProject
Project("{FAE04EC0-301F-11D3-BF4B-00C04F79EFBC}") = "12-2", "2\12-2.csproj", "{BD0A6FC3-9139-4B6C-B648-83CEEFCACC76}"
EndProject
Project("{FAE04EC0-301F-11D3-BF4B-00C04F79EFBC}") = "12-3", "3\12-3.csproj", "{95F23DA4-4062-4109-8004-63B1A496A7B4}"
EndProject
Project("{FAE04EC0-301F-11D3-BF4B-00C04F79EFBC}") = "ex1", "4\ex1.csproj", "{058F02AA-BB2D-410E-BF39-07E84C329D9C}"
EndProject
Project("{FAE04EC0-301F-11D3-BF4B-00C04F79EFBC}") = "12-5", "5\12-5.csproj", "{D1396174-C0B8-47A7-9554-ABBDC8019B8E}"
EndProject
Project("{FAE04EC0-301F-11D3-BF4B-00C04F79EFBC}") = "ex2", "6\ex2.csproj", "{67E8FBBE-38A5-4B6B-AC21-58680ACACB3E}"
EndProject
Project("{FAE04EC0-301F-11D3-BF4B-00C04F79EFBC}") = "ex3", "7\ex3.csproj", "{99977C39-D99D-4F08-9145-0FCD383C84E0}"
EndProject
Project("{FAE04EC0-301F-11D3-BF4B-00C04F79EFBC}") = "12-4", "12-4\12-4.csproj", "{36F220B3-E686-4512-8113-814C30B7EEAC}"
EndProject
Global
	GlobalSection(SolutionConfigurationPlatforms) = preSolution
		Debug|Any CPU = Debug|Any CPU
		Release|Any CPU = Release|Any CPU
	EndGlobalSection
	GlobalSection(ProjectConfigurationPlatforms) = postSolution
		{FB8357EE-788C-4532-AD8F-E468621A01DC}.Debug|Any CPU.ActiveCfg = Debug|Any CPU
		{FB8357EE-788C-4532-AD8F-E468621A01DC}.Debug|Any CPU.Build.0 = Debug|Any CPU
		{FB8357EE-788C-4532-AD8F-E468621A01DC}.Release|Any CPU.ActiveCfg = Release|Any CPU
		{FB8357EE-788C-4532-AD8F-E468621A01DC}.Release|Any CPU.Build.0 = Release|Any CPU
		{BD0A6FC3-9139-4B6C-B648-83CEEFCACC76}.Debug|Any CPU.ActiveCfg = Debug|Any CPU
		{BD0A6FC3-9139-4B6C-B648-83CEEFCACC76}.Debug|Any CPU.Build.0 = Debug|Any CPU
		{BD0A6FC3-9139-4B6C-B648-83CEEFCACC76}.Release|Any CPU.ActiveCfg = Release|Any CPU
		{BD0A6FC3-9139-4B6C-B648-83CEEFCACC76}.Release|Any CPU.Build.0 = Release|Any CPU
		{95F23DA4-4062-4109-8004-63B1A496A7B4}.Debug|Any CPU.ActiveCfg = Debug|Any CPU
		{95F23DA4-4062-4109-8004-63B1A496A7B4}.Debug|Any CPU.Build.0 = Debug|Any CPU
		{95F23DA4-4062-4109-8004-63B1A496A7B4}.Release|Any CPU.ActiveCfg = Release|Any CPU
		{95F23DA4-4062-4109-8004-63B1A496A7B4}.Release|Any CPU.Build.0 = Release|Any CPU
		{058F02AA-BB2D-410E-BF39-07E84C329D9C}.Debug|Any CPU.ActiveCfg = Debug|Any CPU
		{058F02AA-BB2D-410E-BF39-07E84C329D9C}.Debug|Any CPU.Build.0 = Debug|Any CPU
		{058F02AA-BB2D-410E-BF39-07E84C329D9C}.Release|Any CPU.ActiveCfg = Release|Any CPU
		{058F02AA-BB2D-410E-BF39-07E84C329D9C}.Release|Any CPU.Build.0 = Release|Any CPU
		{D1396174-C0B8-47A7-9554-ABBDC8019B8E}.Debug|Any CPU.ActiveCfg = Debug|Any CPU
		{D1396174-C0B8-47A7-9554-ABBDC8019B8E}.Debug|Any CPU.Build.0 = Debug|Any CPU
		{D1396174-C0B8-47A7-9554-ABBDC8019B8E}.Release|Any CPU.ActiveCfg = Release|Any CPU
		{D1396174-C0B8-47A7-9554-ABBDC8019B8E}.Release|Any CPU.Build.0 = Release|Any CPU
		{67E8FBBE-38A5-4B6B-AC21-58680ACACB3E}.Debug|Any CPU.ActiveCfg = Debug|Any CPU
		{67E8FBBE-38A5-4B6B-AC21-58680ACACB3E}.Debug|Any CPU.Build.0 = Debug|Any CPU
		{67E8FBBE-38A5-4B6B-AC21-58680ACACB3E}.Release|Any CPU.ActiveCfg = Release|Any CPU
		{67E8FBBE-38A5-4B6B-AC21-58680ACACB3E}.Release|Any CPU.Build.0 = Release|Any CPU
		{99977C39-D99D-4F08-9145-0FCD383C84E0}.Debug|Any CPU.ActiveCfg = Debug|Any CPU
		{99977C39-D99D-4F08-9145-0FCD383C84E0}.Debug|Any CPU.Build.0 = Debug|Any CPU
		{99977C39-D99D-4F08-9145-0FCD383C84E0}.Release|Any CPU.ActiveCfg = Release|Any CPU
		{99977C39-D99D-4F08-9145-0FCD383C84E0}.Release|Any CPU.Build.0 = Release|Any CPU
		{36F220B3-E686-4512-8113-814C30B7EEAC}.Debug|Any CPU.ActiveCfg = Debug|Any CPU
		{36F220B3-E686-4512-8113-814C30B7EEAC}.Debug|Any CPU.Build.0 = Debug|Any CPU
		{36F220B3-E686-4512-8113-814C30B7EEAC}.Release|Any CPU.ActiveCfg = Release|Any CPU
		{36F220B3-E686-4512-8113-814C30B7EEAC}.Release|Any CPU.Build.0 = Release|Any CPU
	EndGlobalSection
	GlobalSection(SolutionProperties) = preSolution
		HideSolutionNode = FALSE
	EndGlobalSection
	GlobalSection(ExtensibilityGlobals) = postSolution
		SolutionGuid = {66171461-877A-4088-82FB-DC395C8BA5BB}
	EndGlobalSection
EndGlobal
