
Microsoft Visual Studio Solution File, Format Version 12.00
# Visual Studio Version 17
VisualStudioVersion = 17.2.32616.157
MinimumVisualStudioVersion = 10.0.40219.1
Project("{FAE04EC0-301F-11D3-BF4B-00C04F79EFBC}") = "7-6", "7-6.csproj", "{AA16537B-3712-43AF-BC14-8DBFBA8F602B}"
EndProject
Project("{FAE04EC0-301F-11D3-BF4B-00C04F79EFBC}") = "7-1", "..\7-1\7-1.csproj", "{D9C650C8-88B4-4028-B32D-E52943270056}"
EndProject
Project("{FAE04EC0-301F-11D3-BF4B-00C04F79EFBC}") = "7-2", "..\7-2\7-2.csproj", "{89838E9A-AAC5-43B0-AB07-E2DE6F19CB68}"
EndProject
Project("{FAE04EC0-301F-11D3-BF4B-00C04F79EFBC}") = "7-3", "..\7-3\7-3.csproj", "{D200C849-3C26-48A4-ACE5-01221AA37A17}"
EndProject
Project("{FAE04EC0-301F-11D3-BF4B-00C04F79EFBC}") = "7-4", "..\7-4\7-4.csproj", "{FD3C72B4-4A5A-46B2-B5E0-7EB378BC85C3}"
EndProject
Project("{FAE04EC0-301F-11D3-BF4B-00C04F79EFBC}") = "7-5", "..\7-5\7-5.csproj", "{3D075B76-9923-4DE3-ADAE-A700EB6F0732}"
EndProject
Global
	GlobalSection(SolutionConfigurationPlatforms) = preSolution
		Debug|Any CPU = Debug|Any CPU
		Release|Any CPU = Release|Any CPU
	EndGlobalSection
	GlobalSection(ProjectConfigurationPlatforms) = postSolution
		{AA16537B-3712-43AF-BC14-8DBFBA8F602B}.Debug|Any CPU.ActiveCfg = Debug|Any CPU
		{AA16537B-3712-43AF-BC14-8DBFBA8F602B}.Debug|Any CPU.Build.0 = Debug|Any CPU
		{AA16537B-3712-43AF-BC14-8DBFBA8F602B}.Release|Any CPU.ActiveCfg = Release|Any CPU
		{AA16537B-3712-43AF-BC14-8DBFBA8F602B}.Release|Any CPU.Build.0 = Release|Any CPU
		{D9C650C8-88B4-4028-B32D-E52943270056}.Debug|Any CPU.ActiveCfg = Debug|Any CPU
		{D9C650C8-88B4-4028-B32D-E52943270056}.Debug|Any CPU.Build.0 = Debug|Any CPU
		{D9C650C8-88B4-4028-B32D-E52943270056}.Release|Any CPU.ActiveCfg = Release|Any CPU
		{D9C650C8-88B4-4028-B32D-E52943270056}.Release|Any CPU.Build.0 = Release|Any CPU
		{89838E9A-AAC5-43B0-AB07-E2DE6F19CB68}.Debug|Any CPU.ActiveCfg = Debug|Any CPU
		{89838E9A-AAC5-43B0-AB07-E2DE6F19CB68}.Debug|Any CPU.Build.0 = Debug|Any CPU
		{89838E9A-AAC5-43B0-AB07-E2DE6F19CB68}.Release|Any CPU.ActiveCfg = Release|Any CPU
		{89838E9A-AAC5-43B0-AB07-E2DE6F19CB68}.Release|Any CPU.Build.0 = Release|Any CPU
		{D200C849-3C26-48A4-ACE5-01221AA37A17}.Debug|Any CPU.ActiveCfg = Debug|Any CPU
		{D200C849-3C26-48A4-ACE5-01221AA37A17}.Debug|Any CPU.Build.0 = Debug|Any CPU
		{D200C849-3C26-48A4-ACE5-01221AA37A17}.Release|Any CPU.ActiveCfg = Release|Any CPU
		{D200C849-3C26-48A4-ACE5-01221AA37A17}.Release|Any CPU.Build.0 = Release|Any CPU
		{FD3C72B4-4A5A-46B2-B5E0-7EB378BC85C3}.Debug|Any CPU.ActiveCfg = Debug|Any CPU
		{FD3C72B4-4A5A-46B2-B5E0-7EB378BC85C3}.Debug|Any CPU.Build.0 = Debug|Any CPU
		{FD3C72B4-4A5A-46B2-B5E0-7EB378BC85C3}.Release|Any CPU.ActiveCfg = Release|Any CPU
		{FD3C72B4-4A5A-46B2-B5E0-7EB378BC85C3}.Release|Any CPU.Build.0 = Release|Any CPU
		{3D075B76-9923-4DE3-ADAE-A700EB6F0732}.Debug|Any CPU.ActiveCfg = Debug|Any CPU
		{3D075B76-9923-4DE3-ADAE-A700EB6F0732}.Debug|Any CPU.Build.0 = Debug|Any CPU
		{3D075B76-9923-4DE3-ADAE-A700EB6F0732}.Release|Any CPU.ActiveCfg = Release|Any CPU
		{3D075B76-9923-4DE3-ADAE-A700EB6F0732}.Release|Any CPU.Build.0 = Release|Any CPU
	EndGlobalSection
	GlobalSection(SolutionProperties) = preSolution
		HideSolutionNode = FALSE
	EndGlobalSection
	GlobalSection(ExtensibilityGlobals) = postSolution
		SolutionGuid = {BAB19DF5-A75F-42CC-A299-12476D12E279}
	EndGlobalSection
EndGlobal
