
Microsoft Visual Studio Solution File, Format Version 12.00
# Visual Studio Version 17
VisualStudioVersion = 17.2.32616.157
MinimumVisualStudioVersion = 10.0.40219.1
Project("{FAE04EC0-301F-11D3-BF4B-00C04F79EFBC}") = "8-1", "8-1.csproj", "{CA5E24FC-58C6-4D1D-9FF5-3D3432A9CBA6}"
EndProject
Project("{FAE04EC0-301F-11D3-BF4B-00C04F79EFBC}") = "8-2", "..\WindowsFormsApp5\8-2.csproj", "{24596AA1-2641-4279-906E-7E17F670C52F}"
EndProject
Project("{FAE04EC0-301F-11D3-BF4B-00C04F79EFBC}") = "8-3", "..\WindowsFormsApp6\8-3.csproj", "{486D241C-3B6F-43A3-9AFB-D90E0439C81C}"
EndProject
Project("{FAE04EC0-301F-11D3-BF4B-00C04F79EFBC}") = "8-4", "..\WindowsFormsApp7\8-4.csproj", "{5B6E3415-B642-42AA-8E24-9EBB4513563C}"
EndProject
Global
	GlobalSection(SolutionConfigurationPlatforms) = preSolution
		Debug|Any CPU = Debug|Any CPU
		Release|Any CPU = Release|Any CPU
	EndGlobalSection
	GlobalSection(ProjectConfigurationPlatforms) = postSolution
		{CA5E24FC-58C6-4D1D-9FF5-3D3432A9CBA6}.Debug|Any CPU.ActiveCfg = Debug|Any CPU
		{CA5E24FC-58C6-4D1D-9FF5-3D3432A9CBA6}.Debug|Any CPU.Build.0 = Debug|Any CPU
		{CA5E24FC-58C6-4D1D-9FF5-3D3432A9CBA6}.Release|Any CPU.ActiveCfg = Release|Any CPU
		{CA5E24FC-58C6-4D1D-9FF5-3D3432A9CBA6}.Release|Any CPU.Build.0 = Release|Any CPU
		{24596AA1-2641-4279-906E-7E17F670C52F}.Debug|Any CPU.ActiveCfg = Debug|Any CPU
		{24596AA1-2641-4279-906E-7E17F670C52F}.Debug|Any CPU.Build.0 = Debug|Any CPU
		{24596AA1-2641-4279-906E-7E17F670C52F}.Release|Any CPU.ActiveCfg = Release|Any CPU
		{24596AA1-2641-4279-906E-7E17F670C52F}.Release|Any CPU.Build.0 = Release|Any CPU
		{486D241C-3B6F-43A3-9AFB-D90E0439C81C}.Debug|Any CPU.ActiveCfg = Debug|Any CPU
		{486D241C-3B6F-43A3-9AFB-D90E0439C81C}.Debug|Any CPU.Build.0 = Debug|Any CPU
		{486D241C-3B6F-43A3-9AFB-D90E0439C81C}.Release|Any CPU.ActiveCfg = Release|Any CPU
		{486D241C-3B6F-43A3-9AFB-D90E0439C81C}.Release|Any CPU.Build.0 = Release|Any CPU
		{5B6E3415-B642-42AA-8E24-9EBB4513563C}.Debug|Any CPU.ActiveCfg = Debug|Any CPU
		{5B6E3415-B642-42AA-8E24-9EBB4513563C}.Debug|Any CPU.Build.0 = Debug|Any CPU
		{5B6E3415-B642-42AA-8E24-9EBB4513563C}.Release|Any CPU.ActiveCfg = Release|Any CPU
		{5B6E3415-B642-42AA-8E24-9EBB4513563C}.Release|Any CPU.Build.0 = Release|Any CPU
	EndGlobalSection
	GlobalSection(SolutionProperties) = preSolution
		HideSolutionNode = FALSE
	EndGlobalSection
	GlobalSection(ExtensibilityGlobals) = postSolution
		SolutionGuid = {95E73D27-5131-4889-A430-9F4039A1DC8D}
	EndGlobalSection
EndGlobal
